{
  "name": "DevinProject",
  "lockfileVersion": 3,
  "requires": true,
  "packages": {
    "": {
      "dependencies": {
        "markdown-to-jsx": "^7.7.10"
      }
    },
    "node_modules/markdown-to-jsx": {
      "version": "7.7.10",
      "resolved": "https://registry.npmjs.org/markdown-to-jsx/-/markdown-to-jsx-7.7.10.tgz",
      "integrity": "sha512-au62yyLyJukhC2P1TYi3uBi/RScGYai69uT72D8a048QH8rRj+yhND3C21GdZHE+6emtsf6Yqemcf//K+EIWDg==",
      "license": "MIT",
      "engines": {
        "node": ">= 10"
      },
      "peerDependencies": {
        "react": ">= 0.14.0"
      }
    },
    "node_modules/react": {
      "version": "19.1.0",
      "resolved": "https://registry.npmjs.org/react/-/react-19.1.0.tgz",
      "integrity": "sha512-FS+XFBNvn3GTAWq26joslQgWNoFu08F4kl0J4CgdNKADkdSGXQyTCnKteIAJy96Br6YbpEU1LSzV5dYtjMkMDg==",
      "license": "MIT",
      "peer": true,
      "engines": {
        "node": ">=0.10.0"
      }
    }
  }
}
